// !$*UTF8*$!
{
	archiveVersion = 1;
	classes = {
	};
	objectVersion = 48;
	objects = {

/* Begin PBXBuildFile section */
		B2F827D41FA847090031513F /* AppDelegate.swift in Sources */ = {isa = PBXBuildFile; fileRef = B2F827D31FA847090031513F /* AppDelegate.swift */; };
		B2F827D91FA847090031513F /* Main.storyboard in Resources */ = {isa = PBXBuildFile; fileRef = B2F827D71FA847090031513F /* Main.storyboard */; };
		B2F827DB1FA847090031513F /* Assets.xcassets in Resources */ = {isa = PBXBuildFile; fileRef = B2F827DA1FA847090031513F /* Assets.xcassets */; };
		B2F827DE1FA847090031513F /* LaunchScreen.storyboard in Resources */ = {isa = PBXBuildFile; fileRef = B2F827DC1FA847090031513F /* LaunchScreen.storyboard */; };
		B2F827EB1FA8D8C00031513F /* WeatherVC.swift in Sources */ = {isa = PBXBuildFile; fileRef = B2F827EA1FA8D8C00031513F /* WeatherVC.swift */; };
		B2F827ED1FA8DCF80031513F /* ChangeCityLocationVC.swift in Sources */ = {isa = PBXBuildFile; fileRef = B2F827EC1FA8DCF80031513F /* ChangeCityLocationVC.swift */; };
		B2F827EF1FA8E4160031513F /* Default-568h@2x.png in Resources */ = {isa = PBXBuildFile; fileRef = B2F827EE1FA8E4160031513F /* Default-568h@2x.png */; };
		B2F828141FA9B4E50031513F /* WeatherData.swift in Sources */ = {isa = PBXBuildFile; fileRef = B2F828131FA9B4E50031513F /* WeatherData.swift */; };
		CB37890034218329A0EE7524 /* Pods_ClimaApp.framework in Frameworks */ = {isa = PBXBuildFile; fileRef = E7E09DCD0E9D47C63E1466CC /* Pods_ClimaApp.framework */; };
/* End PBXBuildFile section */

/* Begin PBXFileReference section */
		184B1772A7523CC70125183E /* Pods-ClimaApp.release.xcconfig */ = {isa = PBXFileReference; includeInIndex = 1; lastKnownFileType = text.xcconfig; name = "Pods-ClimaApp.release.xcconfig"; path = "Pods/Target Support Files/Pods-ClimaApp/Pods-ClimaApp.release.xcconfig"; sourceTree = "<group>"; };
		B2F827D01FA847090031513F /* ClimaApp.app */ = {isa = PBXFileReference; explicitFileType = wrapper.application; includeInIndex = 0; path = ClimaApp.app; sourceTree = BUILT_PRODUCTS_DIR; };
		B2F827D31FA847090031513F /* AppDelegate.swift */ = {isa = PBXFileReference; lastKnownFileType = sourcecode.swift; path = AppDelegate.swift; sourceTree = "<group>"; };
		B2F827D81FA847090031513F /* Base */ = {isa = PBXFileReference; lastKnownFileType = file.storyboard; name = Base; path = Base.lproj/Main.storyboard; sourceTree = "<group>"; };
		B2F827DA1FA847090031513F /* Assets.xcassets */ = {isa = PBXFileReference; lastKnownFileType = folder.assetcatalog; path = Assets.xcassets; sourceTree = "<group>"; };
		B2F827DD1FA847090031513F /* Base */ = {isa = PBXFileReference; lastKnownFileType = file.storyboard; name = Base; path = Base.lproj/LaunchScreen.storyboard; sourceTree = "<group>"; };
		B2F827DF1FA847090031513F /* Info.plist */ = {isa = PBXFileReference; lastKnownFileType = text.plist.xml; path = Info.plist; sourceTree = "<group>"; };
		B2F827EA1FA8D8C00031513F /* WeatherVC.swift */ = {isa = PBXFileReference; lastKnownFileType = sourcecode.swift; path = WeatherVC.swift; sourceTree = "<group>"; };
		B2F827EC1FA8DCF80031513F /* ChangeCityLocationVC.swift */ = {isa = PBXFileReference; lastKnownFileType = sourcecode.swift; path = ChangeCityLocationVC.swift; sourceTree = "<group>"; };
		B2F827EE1FA8E4160031513F /* Default-568h@2x.png */ = {isa = PBXFileReference; lastKnownFileType = image.png; path = "Default-568h@2x.png"; sourceTree = "<group>"; };
		B2F828131FA9B4E50031513F /* WeatherData.swift */ = {isa = PBXFileReference; lastKnownFileType = sourcecode.swift; path = WeatherData.swift; sourceTree = "<group>"; };
		BD7A0C4D77736A59E5851826 /* Pods-ClimaApp.debug.xcconfig */ = {isa = PBXFileReference; includeInIndex = 1; lastKnownFileType = text.xcconfig; name = "Pods-ClimaApp.debug.xcconfig"; path = "Pods/Target Support Files/Pods-ClimaApp/Pods-ClimaApp.debug.xcconfig"; sourceTree = "<group>"; };
		E7E09DCD0E9D47C63E1466CC /* Pods_ClimaApp.framework */ = {isa = PBXFileReference; explicitFileType = wrapper.framework; includeInIndex = 0; path = Pods_ClimaApp.framework; sourceTree = BUILT_PRODUCTS_DIR; };
/* End PBXFileReference section */

/* Begin PBXFrameworksBuildPhase section */
		B2F827CD1FA847090031513F /* Frameworks */ = {
			isa = PBXFrameworksBuildPhase;
			buildActionMask = 2147483647;
			files = (
				CB37890034218329A0EE7524 /* Pods_ClimaApp.framework in Frameworks */,
			);
			runOnlyForDeploymentPostprocessing = 0;
		};
/* End PBXFrameworksBuildPhase section */

/* Begin PBXGroup section */
		1F8BED1A3BA9DE33CF030B12 /* Pods */ = {
			isa = PBXGroup;
			children = (
				BD7A0C4D77736A59E5851826 /* Pods-ClimaApp.debug.xcconfig */,
				184B1772A7523CC70125183E /* Pods-ClimaApp.release.xcconfig */,
			);
			name = Pods;
			sourceTree = "<group>";
		};
		8A3AE4F5A03A8C0DB9C93D92 /* Frameworks */ = {
			isa = PBXGroup;
			children = (
				E7E09DCD0E9D47C63E1466CC /* Pods_ClimaApp.framework */,
			);
			name = Frameworks;
			sourceTree = "<group>";
		};
		B2F827C71FA847090031513F = {
			isa = PBXGroup;
			children = (
				B2F827EE1FA8E4160031513F /* Default-568h@2x.png */,
				B2F827D21FA847090031513F /* ClimaApp */,
				B2F827D11FA847090031513F /* Products */,
				1F8BED1A3BA9DE33CF030B12 /* Pods */,
				8A3AE4F5A03A8C0DB9C93D92 /* Frameworks */,
			);
			sourceTree = "<group>";
		};
		B2F827D11FA847090031513F /* Products */ = {
			isa = PBXGroup;
			children = (
				B2F827D01FA847090031513F /* ClimaApp.app */,
			);
			name = Products;
			sourceTree = "<group>";
		};
		B2F827D21FA847090031513F /* ClimaApp */ = {
			isa = PBXGroup;
			children = (
				B2F827E71FA8B3620031513F /* View */,
				B2F827E61FA8B35A0031513F /* Controller */,
				B2F827E51FA8B33F0031513F /* Model */,
				B2F827D31FA847090031513F /* AppDelegate.swift */,
				B2F827DF1FA847090031513F /* Info.plist */,
			);
			path = ClimaApp;
			sourceTree = "<group>";
		};
		B2F827E51FA8B33F0031513F /* Model */ = {
			isa = PBXGroup;
			children = (
				B2F828131FA9B4E50031513F /* WeatherData.swift */,
			);
			path = Model;
			sourceTree = "<group>";
		};
		B2F827E61FA8B35A0031513F /* Controller */ = {
			isa = PBXGroup;
			children = (
				B2F827EA1FA8D8C00031513F /* WeatherVC.swift */,
				B2F827EC1FA8DCF80031513F /* ChangeCityLocationVC.swift */,
			);
			path = Controller;
			sourceTree = "<group>";
		};
		B2F827E71FA8B3620031513F /* View */ = {
			isa = PBXGroup;
			children = (
				B2F827D71FA847090031513F /* Main.storyboard */,
				B2F827DA1FA847090031513F /* Assets.xcassets */,
				B2F827DC1FA847090031513F /* LaunchScreen.storyboard */,
			);
			path = View;
			sourceTree = "<group>";
		};
/* End PBXGroup section */

/* Begin PBXNativeTarget section */
		B2F827CF1FA847090031513F /* ClimaApp */ = {
			isa = PBXNativeTarget;
			buildConfigurationList = B2F827E21FA847090031513F /* Build configuration list for PBXNativeTarget "ClimaApp" */;
			buildPhases = (
				775C07F315ACACB936FFD1C9 /* [CP] Check Pods Manifest.lock */,
				B2F827CC1FA847090031513F /* Sources */,
				B2F827CD1FA847090031513F /* Frameworks */,
				B2F827CE1FA847090031513F /* Resources */,
				0B2E6E139A30A94D16FAA4E7 /* [CP] Embed Pods Frameworks */,
				A13F40D4F8241F0FE36A954C /* [CP] Copy Pods Resources */,
			);
			buildRules = (
			);
			dependencies = (
			);
			name = ClimaApp;
			productName = ClimaApp;
			productReference = B2F827D01FA847090031513F /* ClimaApp.app */;
			productType = "com.apple.product-type.application";
		};
/* End PBXNativeTarget section */

/* Begin PBXProject section */
		B2F827C81FA847090031513F /* Project object */ = {
			isa = PBXProject;
			attributes = {
				LastSwiftUpdateCheck = 0900;
				LastUpgradeCheck = 0900;
				ORGANIZATIONNAME = baotuan;
				TargetAttributes = {
					B2F827CF1FA847090031513F = {
						CreatedOnToolsVersion = 9.0.1;
						ProvisioningStyle = Automatic;
					};
				};
			};
			buildConfigurationList = B2F827CB1FA847090031513F /* Build configuration list for PBXProject "ClimaApp" */;
			compatibilityVersion = "Xcode 8.0";
			developmentRegion = en;
			hasScannedForEncodings = 0;
			knownRegions = (
				en,
				Base,
			);
			mainGroup = B2F827C71FA847090031513F;
			productRefGroup = B2F827D11FA847090031513F /* Products */;
			projectDirPath = "";
			projectRoot = "";
			targets = (
				B2F827CF1FA847090031513F /* ClimaApp */,
			);
		};
/* End PBXProject section */

/* Begin PBXResourcesBuildPhase section */
		B2F827CE1FA847090031513F /* Resources */ = {
			isa = PBXResourcesBuildPhase;
			buildActionMask = 2147483647;
			files = (
				B2F827DE1FA847090031513F /* LaunchScreen.storyboard in Resources */,
				B2F827EF1FA8E4160031513F /* Default-568h@2x.png in Resources */,
				B2F827DB1FA847090031513F /* Assets.xcassets in Resources */,
				B2F827D91FA847090031513F /* Main.storyboard in Resources */,
			);
			runOnlyForDeploymentPostprocessing = 0;
		};
/* End PBXResourcesBuildPhase section */

/* Begin PBXShellScriptBuildPhase section */
		0B2E6E139A30A94D16FAA4E7 /* [CP] Embed Pods Frameworks */ = {
			isa = PBXShellScriptBuildPhase;
			buildActionMask = 2147483647;
			files = (
			);
			inputPaths = (
				"${SRCROOT}/Pods/Target Support Files/Pods-ClimaApp/Pods-ClimaApp-frameworks.sh",
				"${BUILT_PRODUCTS_DIR}/Alamofire/Alamofire.framework",
				"${BUILT_PRODUCTS_DIR}/SVProgressHUD/SVProgressHUD.framework",
				"${BUILT_PRODUCTS_DIR}/SwiftyJSON/SwiftyJSON.framework",
			);
			name = "[CP] Embed Pods Frameworks";
			outputPaths = (
				"${TARGET_BUILD_DIR}/${FRAMEWORKS_FOLDER_PATH}/Alamofire.framework",
				"${TARGET_BUILD_DIR}/${FRAMEWORKS_FOLDER_PATH}/SVProgressHUD.framework",
				"${TARGET_BUILD_DIR}/${FRAMEWORKS_FOLDER_PATH}/SwiftyJSON.framework",
			);
			runOnlyForDeploymentPostprocessing = 0;
			shellPath = /bin/sh;
			shellScript = "\"${SRCROOT}/Pods/Target Support Files/Pods-ClimaApp/Pods-ClimaApp-frameworks.sh\"\n";
			showEnvVarsInLog = 0;
		};
		775C07F315ACACB936FFD1C9 /* [CP] Check Pods Manifest.lock */ = {
			isa = PBXShellScriptBuildPhase;
			buildActionMask = 2147483647;
			files = (
			);
			inputPaths = (
				"${PODS_PODFILE_DIR_PATH}/Podfile.lock",
				"${PODS_ROOT}/Manifest.lock",
			);
			name = "[CP] Check Pods Manifest.lock";
			outputPaths = (
				"$(DERIVED_FILE_DIR)/Pods-ClimaApp-checkManifestLockResult.txt",
			);
			runOnlyForDeploymentPostprocessing = 0;
			shellPath = /bin/sh;
			shellScript = "diff \"${PODS_PODFILE_DIR_PATH}/Podfile.lock\" \"${PODS_ROOT}/Manifest.lock\" > /dev/null\nif [ $? != 0 ] ; then\n    # print error to STDERR\n    echo \"error: The sandbox is not in sync with the Podfile.lock. Run 'pod install' or update your CocoaPods installation.\" >&2\n    exit 1\nfi\n# This output is used by Xcode 'outputs' to avoid re-running this script phase.\necho \"SUCCESS\" > \"${SCRIPT_OUTPUT_FILE_0}\"\n";
			showEnvVarsInLog = 0;
		};
		A13F40D4F8241F0FE36A954C /* [CP] Copy Pods Resources */ = {
			isa = PBXShellScriptBuildPhase;
			buildActionMask = 2147483647;
			files = (
			);
			inputPaths = (
			);
			name = "[CP] Copy Pods Resources";
			outputPaths = (
			);
			runOnlyForDeploymentPostprocessing = 0;
			shellPath = /bin/sh;
			shellScript = "\"${SRCROOT}/Pods/Target Support Files/Pods-ClimaApp/Pods-ClimaApp-resources.sh\"\n";
			showEnvVarsInLog = 0;
		};
/* End PBXShellScriptBuildPhase section */

/* Begin PBXSourcesBuildPhase section */
		B2F827CC1FA847090031513F /* Sources */ = {
			isa = PBXSourcesBuildPhase;
			buildActionMask = 2147483647;
			files = (
				B2F827D41FA847090031513F /* AppDelegate.swift in Sources */,
				B2F828141FA9B4E50031513F /* WeatherData.swift in Sources */,
				B2F827EB1FA8D8C00031513F /* WeatherVC.swift in Sources */,
				B2F827ED1FA8DCF80031513F /* ChangeCityLocationVC.swift in Sources */,
			);
			runOnlyForDeploymentPostprocessing = 0;
		};
/* End PBXSourcesBuildPhase section */

/* Begin PBXVariantGroup section */
		B2F827D71FA847090031513F /* Main.storyboard */ = {
			isa = PBXVariantGroup;
			children = (
				B2F827D81FA847090031513F /* Base */,
			);
			name = Main.storyboard;
			sourceTree = "<group>";
		};
		B2F827DC1FA847090031513F /* LaunchScreen.storyboard */ = {
			isa = PBXVariantGroup;
			children = (
				B2F827DD1FA847090031513F /* Base */,
			);
			name = LaunchScreen.storyboard;
			sourceTree = "<group>";
		};
/* End PBXVariantGroup section */

/* Begin XCBuildConfiguration section */
		B2F827E01FA847090031513F /* Debug */ = {
			isa = XCBuildConfiguration;
			buildSettings = {
				ALWAYS_SEARCH_USER_PATHS = NO;
				CLANG_ANALYZER_NONNULL = YES;
				CLANG_ANALYZER_NUMBER_OBJECT_CONVERSION = YES_AGGRESSIVE;
				CLANG_CXX_LANGUAGE_STANDARD = "gnu++14";
				CLANG_CXX_LIBRARY = "libc++";
				CLANG_ENABLE_MODULES = YES;
				CLANG_ENABLE_OBJC_ARC = YES;
				CLANG_WARN_BLOCK_CAPTURE_AUTORELEASING = YES;
				CLANG_WARN_BOOL_CONVERSION = YES;
				CLANG_WARN_COMMA = YES;
				CLANG_WARN_CONSTANT_CONVERSION = YES;
				CLANG_WARN_DIRECT_OBJC_ISA_USAGE = YES_ERROR;
				CLANG_WARN_DOCUMENTATION_COMMENTS = YES;
				CLANG_WARN_EMPTY_BODY = YES;
				CLANG_WARN_ENUM_CONVERSION = YES;
				CLANG_WARN_INFINITE_RECURSION = YES;
				CLANG_WARN_INT_CONVERSION = YES;
				CLANG_WARN_NON_LITERAL_NULL_CONVERSION = YES;
				CLANG_WARN_OBJC_LITERAL_CONVERSION = YES;
				CLANG_WARN_OBJC_ROOT_CLASS = YES_ERROR;
				CLANG_WARN_RANGE_LOOP_ANALYSIS = YES;
				CLANG_WARN_STRICT_PROTOTYPES = YES;
				CLANG_WARN_SUSPICIOUS_MOVE = YES;
				CLANG_WARN_UNGUARDED_AVAILABILITY = YES_AGGRESSIVE;
				CLANG_WARN_UNREACHABLE_CODE = YES;
				CLANG_WARN__DUPLICATE_METHOD_MATCH = YES;
				CODE_SIGN_IDENTITY = "iPhone Developer";
				COPY_PHASE_STRIP = NO;
				DEBUG_INFORMATION_FORMAT = dwarf;
				ENABLE_STRICT_OBJC_MSGSEND = YES;
				ENABLE_TESTABILITY = YES;
				GCC_C_LANGUAGE_STANDARD = gnu11;
				GCC_DYNAMIC_NO_PIC = NO;
				GCC_NO_COMMON_BLOCKS = YES;
				GCC_OPTIMIZATION_LEVEL = 0;
				GCC_PREPROCESSOR_DEFINITIONS = (
					"DEBUG=1",
					"$(inherited)",
				);
				GCC_WARN_64_TO_32_BIT_CONVERSION = YES;
				GCC_WARN_ABOUT_RETURN_TYPE = YES_ERROR;
				GCC_WARN_UNDECLARED_SELECTOR = YES;
				GCC_WARN_UNINITIALIZED_AUTOS = YES_AGGRESSIVE;
				GCC_WARN_UNUSED_FUNCTION = YES;
				GCC_WARN_UNUSED_VARIABLE = YES;
				IPHONEOS_DEPLOYMENT_TARGET = 11.0;
				MTL_ENABLE_DEBUG_INFO = YES;
				ONLY_ACTIVE_ARCH = YES;
				SDKROOT = iphoneos;
				SWIFT_ACTIVE_COMPILATION_CONDITIONS = DEBUG;
				SWIFT_OPTIMIZATION_LEVEL = "-Onone";
			};
			name = Debug;
		};
		B2F827E11FA847090031513F /* Release */ = {
			isa = XCBuildConfiguration;
			buildSettings = {
				ALWAYS_SEARCH_USER_PATHS = NO;
				CLANG_ANALYZER_NONNULL = YES;
				CLANG_ANALYZER_NUMBER_OBJECT_CONVERSION = YES_AGGRESSIVE;
				CLANG_CXX_LANGUAGE_STANDARD = "gnu++14";
				CLANG_CXX_LIBRARY = "libc++";
				CLANG_ENABLE_MODULES = YES;
				CLANG_ENABLE_OBJC_ARC = YES;
				CLANG_WARN_BLOCK_CAPTURE_AUTORELEASING = YES;
				CLANG_WARN_BOOL_CONVERSION = YES;
				CLANG_WARN_COMMA = YES;
				CLANG_WARN_CONSTANT_CONVERSION = YES;
				CLANG_WARN_DIRECT_OBJC_ISA_USAGE = YES_ERROR;
				CLANG_WARN_DOCUMENTATION_COMMENTS = YES;
				CLANG_WARN_EMPTY_BODY = YES;
				CLANG_WARN_ENUM_CONVERSION = YES;
				CLANG_WARN_INFINITE_RECURSION = YES;
				CLANG_WARN_INT_CONVERSION = YES;
				CLANG_WARN_NON_LITERAL_NULL_CONVERSION = YES;
				CLANG_WARN_OBJC_LITERAL_CONVERSION = YES;
				CLANG_WARN_OBJC_ROOT_CLASS = YES_ERROR;
				CLANG_WARN_RANGE_LOOP_ANALYSIS = YES;
				CLANG_WARN_STRICT_PROTOTYPES = YES;
				CLANG_WARN_SUSPICIOUS_MOVE = YES;
				CLANG_WARN_UNGUARDED_AVAILABILITY = YES_AGGRESSIVE;
				CLANG_WARN_UNREACHABLE_CODE = YES;
				CLANG_WARN__DUPLICATE_METHOD_MATCH = YES;
				CODE_SIGN_IDENTITY = "iPhone Developer";
				COPY_PHASE_STRIP = NO;
				DEBUG_INFORMATION_FORMAT = "dwarf-with-dsym";
				ENABLE_NS_ASSERTIONS = NO;
				ENABLE_STRICT_OBJC_MSGSEND = YES;
				GCC_C_LANGUAGE_STANDARD = gnu11;
				GCC_NO_COMMON_BLOCKS = YES;
				GCC_WARN_64_TO_32_BIT_CONVERSION = YES;
				GCC_WARN_ABOUT_RETURN_TYPE = YES_ERROR;
				GCC_WARN_UNDECLARED_SELECTOR = YES;
				GCC_WARN_UNINITIALIZED_AUTOS = YES_AGGRESSIVE;
				GCC_WARN_UNUSED_FUNCTION = YES;
				GCC_WARN_UNUSED_VARIABLE = YES;
				IPHONEOS_DEPLOYMENT_TARGET = 11.0;
				MTL_ENABLE_DEBUG_INFO = NO;
				SDKROOT = iphoneos;
				SWIFT_OPTIMIZATION_LEVEL = "-Owholemodule";
				VALIDATE_PRODUCT = YES;
			};
			name = Release;
		};
		B2F827E31FA847090031513F /* Debug */ = {
			isa = XCBuildConfiguration;
			baseConfigurationReference = BD7A0C4D77736A59E5851826 /* Pods-ClimaApp.debug.xcconfig */;
			buildSettings = {
				ASSETCATALOG_COMPILER_APPICON_NAME = AppIcon;
				CODE_SIGN_STYLE = Automatic;
				DEVELOPMENT_TEAM = S6G7Q92R33;
				INFOPLIST_FILE = ClimaApp/Info.plist;
				LD_RUNPATH_SEARCH_PATHS = "$(inherited) @executable_path/Frameworks";
				PRODUCT_BUNDLE_IDENTIFIER = com.BillTuan.ClimaApp;
				PRODUCT_NAME = "$(TARGET_NAME)";
				SWIFT_VERSION = 4.0;
				TARGETED_DEVICE_FAMILY = "1,2";
			};
			name = Debug;
		};
		B2F827E41FA847090031513F /* Release */ = {
			isa = XCBuildConfiguration;
			baseConfigurationReference = 184B1772A7523CC70125183E /* Pods-ClimaApp.release.xcconfig */;
			buildSettings = {
				ASSETCATALOG_COMPILER_APPICON_NAME = AppIcon;
				CODE_SIGN_STYLE = Automatic;
				DEVELOPMENT_TEAM = S6G7Q92R33;
				INFOPLIST_FILE = ClimaApp/Info.plist;
				LD_RUNPATH_SEARCH_PATHS = "$(inherited) @executable_path/Frameworks";
				PRODUCT_BUNDLE_IDENTIFIER = com.BillTuan.ClimaApp;
				PRODUCT_NAME = "$(TARGET_NAME)";
				SWIFT_VERSION = 4.0;
				TARGETED_DEVICE_FAMILY = "1,2";
			};
			name = Release;
		};
/* End XCBuildConfiguration section */

/* Begin XCConfigurationList section */
		B2F827CB1FA847090031513F /* Build configuration list for PBXProject "ClimaApp" */ = {
			isa = XCConfigurationList;
			buildConfigurations = (
				B2F827E01FA847090031513F /* Debug */,
				B2F827E11FA847090031513F /* Release */,
			);
			defaultConfigurationIsVisible = 0;
			defaultConfigurationName = Release;
		};
		B2F827E21FA847090031513F /* Build configuration list for PBXNativeTarget "ClimaApp" */ = {
			isa = XCConfigurationList;
			buildConfigurations = (
				B2F827E31FA847090031513F /* Debug */,
				B2F827E41FA847090031513F /* Release */,
			);
			defaultConfigurationIsVisible = 0;
			defaultConfigurationName = Release;
		};
/* End XCConfigurationList section */
	};
	rootObject = B2F827C81FA847090031513F /* Project object */;
}
